{
  "name": "privy",
  "version": "1.0.0",
  "lockfileVersion": 3,
  "requires": true,
  "packages": {
    "": {
      "name": "privy",
      "version": "1.0.0",
      "license": "ISC",
      "dependencies": {
        "@privy-io/node": "^0.6.0",
        "dotenv": "^17.2.3"
      }
    },
    "node_modules/@hpke/chacha20poly1305": {
      "version": "1.7.1",
      "resolved": "https://registry.npmjs.org/@hpke/chacha20poly1305/-/chacha20poly1305-1.7.1.tgz",
      "integrity": "sha512-Zp8IwRIkdCucu877wCNqDp3B8yOhAnAah/YDDkO94pPr/KKV7IGnBbpwIjDB3BsAySWBMrhhdE0JKYw3N4FCag==",
      "license": "MIT",
      "dependencies": {
        "@hpke/common": "^1.8.1"
      },
      "engines": {
        "node": ">=16.0.0"
      }
    },
    "node_modules/@hpke/common": {
      "version": "1.8.1",
      "resolved": "https://registry.npmjs.org/@hpke/common/-/common-1.8.1.tgz",
      "integrity": "sha512-PSI4QSxH8XDli0TqAsWycVfrLLCM/bBe+hVlJwtuJJiKIvCaFS3CXX/WtRfJceLJye9NHc2J7GvHVCY9B1BEbA==",
      "license": "MIT",
      "engines": {
        "node": ">=16.0.0"
      }
    },
    "node_modules/@hpke/core": {
      "version": "1.7.5",
      "resolved": "https://registry.npmjs.org/@hpke/core/-/core-1.7.5.tgz",
      "integrity": "sha512-4xfckZuPaIodeu0HpuTRIdtmajhRHXM/6rjS2N62Ns9aOCkGbbeYRwktqR3bUScuhCwyEBsEQqtIh9f0iLP3WQ==",
      "license": "MIT",
      "dependencies": {
        "@hpke/common": "^1.8.1"
      },
      "engines": {
        "node": ">=16.0.0"
      }
    },
    "node_modules/@noble/curves": {
      "version": "1.9.7",
      "resolved": "https://registry.npmjs.org/@noble/curves/-/curves-1.9.7.tgz",
      "integrity": "sha512-gbKGcRUYIjA3/zCCNaWDciTMFI0dCkvou3TL8Zmy5Nc7sJ47a0jtOeZoTaMxkuqRo9cRhjOdZJXegxYE5FN/xw==",
      "license": "MIT",
      "dependencies": {
        "@noble/hashes": "1.8.0"
      },
      "engines": {
        "node": "^14.21.3 || >=16"
      },
      "funding": {
        "url": "https://paulmillr.com/funding/"
      }
    },
    "node_modules/@noble/hashes": {
      "version": "1.8.0",
      "resolved": "https://registry.npmjs.org/@noble/hashes/-/hashes-1.8.0.tgz",
      "integrity": "sha512-jCs9ldd7NwzpgXDIf6P3+NrHh9/sD6CQdxHyjQI+h/6rDNo88ypBxxz45UDuZHz9r3tNz7N/VInSVoVdtXEI4A==",
      "license": "MIT",
      "engines": {
        "node": "^14.21.3 || >=16"
      },
      "funding": {
        "url": "https://paulmillr.com/funding/"
      }
    },
    "node_modules/@privy-io/node": {
      "version": "0.6.0",
      "resolved": "https://registry.npmjs.org/@privy-io/node/-/node-0.6.0.tgz",
      "integrity": "sha512-kQAW79G0o8CoFDanrWgM5z866DjTxHTivvbb7etuXwe4DiCb/zBF+HJvaTYTwUR3vUzcNLUgOdETs+E37lpn8A==",
      "license": "Apache-2.0",
      "dependencies": {
        "@hpke/chacha20poly1305": "^1.7.1",
        "@hpke/core": "^1.7.4",
        "@noble/curves": "^1.9.7",
        "@noble/hashes": "^1.8.0",
        "@scure/base": "^1.2.5",
        "canonicalize": "^2.1.0",
        "jose": "^6.1.0",
        "lru-cache": "^11.1.0",
        "svix": ">=1.29.0 <= 1.37.0 || ^1.40.0"
      },
      "peerDependencies": {
        "viem": "^2.24.1"
      },
      "peerDependenciesMeta": {
        "viem": {
          "optional": true
        }
      }
    },
    "node_modules/@scure/base": {
      "version": "1.2.6",
      "resolved": "https://registry.npmjs.org/@scure/base/-/base-1.2.6.tgz",
      "integrity": "sha512-g/nm5FgUa//MCj1gV09zTJTaM6KBAHqLN907YVQqf7zC49+DcO4B1so4ZX07Ef10Twr6nuqYEH9GEggFXA4Fmg==",
      "license": "MIT",
      "funding": {
        "url": "https://paulmillr.com/funding/"
      }
    },
    "node_modules/@stablelib/base64": {
      "version": "1.0.1",
      "resolved": "https://registry.npmjs.org/@stablelib/base64/-/base64-1.0.1.tgz",
      "integrity": "sha512-1bnPQqSxSuc3Ii6MhBysoWCg58j97aUjuCSZrGSmDxNqtytIi0k8utUenAwTZN4V5mXXYGsVUI9zeBqy+jBOSQ==",
      "license": "MIT"
    },
    "node_modules/canonicalize": {
      "version": "2.1.0",
      "resolved": "https://registry.npmjs.org/canonicalize/-/canonicalize-2.1.0.tgz",
      "integrity": "sha512-F705O3xrsUtgt98j7leetNhTWPe+5S72rlL5O4jA1pKqBVQ/dT1O1D6PFxmSXvc0SUOinWS57DKx0I3CHrXJHQ==",
      "license": "Apache-2.0",
      "bin": {
        "canonicalize": "bin/canonicalize.js"
      }
    },
    "node_modules/dotenv": {
      "version": "17.2.3",
      "resolved": "https://registry.npmjs.org/dotenv/-/dotenv-17.2.3.tgz",
      "integrity": "sha512-JVUnt+DUIzu87TABbhPmNfVdBDt18BLOWjMUFJMSi/Qqg7NTYtabbvSNJGOJ7afbRuv9D/lngizHtP7QyLQ+9w==",
      "license": "BSD-2-Clause",
      "engines": {
        "node": ">=12"
      },
      "funding": {
        "url": "https://dotenvx.com"
      }
    },
    "node_modules/fast-sha256": {
      "version": "1.3.0",
      "resolved": "https://registry.npmjs.org/fast-sha256/-/fast-sha256-1.3.0.tgz",
      "integrity": "sha512-n11RGP/lrWEFI/bWdygLxhI+pVeo1ZYIVwvvPkW7azl/rOy+F3HYRZ2K5zeE9mmkhQppyv9sQFx0JM9UabnpPQ==",
      "license": "Unlicense"
    },
    "node_modules/jose": {
      "version": "6.1.2",
      "resolved": "https://registry.npmjs.org/jose/-/jose-6.1.2.tgz",
      "integrity": "sha512-MpcPtHLE5EmztuFIqB0vzHAWJPpmN1E6L4oo+kze56LIs3MyXIj9ZHMDxqOvkP38gBR7K1v3jqd4WU2+nrfONQ==",
      "license": "MIT",
      "funding": {
        "url": "https://github.com/sponsors/panva"
      }
    },
    "node_modules/lru-cache": {
      "version": "11.2.2",
      "resolved": "https://registry.npmjs.org/lru-cache/-/lru-cache-11.2.2.tgz",
      "integrity": "sha512-F9ODfyqML2coTIsQpSkRHnLSZMtkU8Q+mSfcaIyKwy58u+8k5nvAYeiNhsyMARvzNcXJ9QfWVrcPsC9e9rAxtg==",
      "license": "ISC",
      "engines": {
        "node": "20 || >=22"
      }
    },
    "node_modules/svix": {
      "version": "1.81.0",
      "resolved": "https://registry.npmjs.org/svix/-/svix-1.81.0.tgz",
      "integrity": "sha512-Q4DiYb1ydhRYqez65vZES8AkGY2oxn26qP7mLVbMf8Orrveb54TZLkaVG5zr7eJT4T3zYRThkKf6aOnvzgwhYw==",
      "license": "MIT",
      "dependencies": {
        "@stablelib/base64": "^1.0.0",
        "fast-sha256": "^1.3.0",
        "uuid": "^10.0.0"
      }
    },
    "node_modules/uuid": {
      "version": "10.0.0",
      "resolved": "https://registry.npmjs.org/uuid/-/uuid-10.0.0.tgz",
      "integrity": "sha512-8XkAphELsDnEGrDxUOHB3RGvXz6TeuYSGEZBOjtTtPm2lwhGBjLgOzLHB63IUWfBpNucQjND6d3AOudO+H3RWQ==",
      "funding": [
        "https://github.com/sponsors/broofa",
        "https://github.com/sponsors/ctavan"
      ],
      "license": "MIT",
      "bin": {
        "uuid": "dist/bin/uuid"
      }
    }
  }
}
